
Microsoft Visual Studio Solution File, Format Version 12.00
# Visual Studio Version 17
VisualStudioVersion = 17.13.35919.96 d17.13
MinimumVisualStudioVersion = 10.0.40219.1
Project("{FAE04EC0-301F-11D3-BF4B-00C04F79EFBC}") = "ContaCorrente.ConsoleApp", "ContaCorrente.ConsoleApp.csproj", "{C2F58F15-111E-4358-B695-A3508B592706}"
EndProject
Global
	GlobalSection(SolutionConfigurationPlatforms) = preSolution
		Debug|Any CPU = Debug|Any CPU
		Release|Any CPU = Release|Any CPU
	EndGlobalSection
	GlobalSection(ProjectConfigurationPlatforms) = postSolution
		{C2F58F15-111E-4358-B695-A3508B592706}.Debug|Any CPU.ActiveCfg = Debug|Any CPU
		{C2F58F15-111E-4358-B695-A3508B592706}.Debug|Any CPU.Build.0 = Debug|Any CPU
		{C2F58F15-111E-4358-B695-A3508B592706}.Release|Any CPU.ActiveCfg = Release|Any CPU
		{C2F58F15-111E-4358-B695-A3508B592706}.Release|Any CPU.Build.0 = Release|Any CPU
	EndGlobalSection
	GlobalSection(SolutionProperties) = preSolution
		HideSolutionNode = FALSE
	EndGlobalSection
	GlobalSection(ExtensibilityGlobals) = postSolution
		SolutionGuid = {A7BB43A4-559F-4860-8FF5-085A3769CD46}
	EndGlobalSection
EndGlobal
